
Microsoft Visual Studio Solution File, Format Version 9.00
# Visual C++ Express 2005
Project("{8BC9CEB8-8B4A-11D0-8D11-00A0C91BC942}") = "AutoGate", "AutoGate.vcproj", "{B5F5EC36-3526-4F6E-ADCF-0FA19DA7DFD5}"
EndProject
Global
	GlobalSection(SolutionConfigurationPlatforms) = preSolution
		Debug|Win32 = Debug|Win32
		Release|Win32 = Release|Win32
	EndGlobalSection
	GlobalSection(ProjectConfigurationPlatforms) = postSolution
		{B5F5EC36-3526-4F6E-ADCF-0FA19DA7DFD5}.Debug|Win32.ActiveCfg = Debug|Win32
		{B5F5EC36-3526-4F6E-ADCF-0FA19DA7DFD5}.Debug|Win32.Build.0 = Debug|Win32
		{B5F5EC36-3526-4F6E-ADCF-0FA19DA7DFD5}.Release|Win32.ActiveCfg = Release|Win32
		{B5F5EC36-3526-4F6E-ADCF-0FA19DA7DFD5}.Release|Win32.Build.0 = Release|Win32
	EndGlobalSection
	GlobalSection(SolutionProperties) = preSolution
		HideSolutionNode = FALSE
	EndGlobalSection
EndGlobal
